# THIS IS AN AUTOGENERATED FILE. DO NOT EDIT THIS FILE DIRECTLY.
# yarn lockfile v1


"@juggle/resize-observer@^3.2.0":
  version "3.3.0"
  resolved "https://registry.yarnpkg.com/@juggle/resize-observer/-/resize-observer-3.3.0.tgz#2e7a2935adbfae46f9efbd1e1455254ee7ea2219"
  integrity sha512-P1v2nvK7z2gOLVM/bveIRLG9L99uEahTGgTltyF03zixZAjI9YmKLj5Z9MpS9wBIUt5WDoQORT2lXvLOIF89iA==

"@vue/composition-api@^1.0.0-beta.24", "@vue/composition-api@^1.0.0-rc.2", "@vue/composition-api@^1.0.0-rc.3":
  version "1.0.0-rc.3"
  resolved "https://registry.yarnpkg.com/@vue/composition-api/-/composition-api-1.0.0-rc.3.tgz#5174632fdda888f4f04bbaa5263cf01e34ba3fc2"
  integrity sha512-/N/yCgIeFwAdsChML1RAke7YT5v/LYnPOyrz2zU+fE6xx2MpZfWn+DD2wCf3Vre659AvuXA8zzKLlRaFzW75XQ==
  dependencies:
    tslib "^2.1.0"

"@vueblocks/vue-use-axios@^0.2.6":
  version "0.2.6"
  resolved "https://registry.yarnpkg.com/@vueblocks/vue-use-axios/-/vue-use-axios-0.2.6.tgz#f1b4983e2473bc748d32b3f843d21415e3b8f474"
  integrity sha512-1xXPek7AohtvufAEgrG49iq/JrMuHiudbnsN6Oxupx1+/VL1L6chhJBAw9e5DNn12z6m+1GJk3bFwkwLQEOr3Q==
  dependencies:
    "@vue/composition-api" "^1.0.0-beta.24"
    lodash.debounce "^4.0.8"
    lodash.throttle "^4.1.1"
    vue-demi "^0.5.4"

"@vueblocks/vue-use-core@^0.2.9":
  version "0.2.9"
  resolved "https://registry.yarnpkg.com/@vueblocks/vue-use-core/-/vue-use-core-0.2.9.tgz#af9c0b5ab4d6507c8ec1db660b1047b8c6632649"
  integrity sha512-+KhxmcVwsrDcbBsPAQ38Etkwem2fW1IbE6mnGMWqvc+9ZVexEyrZRQlPeK72QEZyBdDPTpmKhpeYBSpkWKrd/g==
  dependencies:
    "@juggle/resize-observer" "^3.2.0"
    "@vue/composition-api" "^1.0.0-rc.2"
    color2k "^1.2.4"
    dayjs "^1.10.2"
    keymaster "^1.6.2"
    lodash.clonedeep "^4.5.0"
    lodash.debounce "^4.0.8"
    lodash.throttle "^4.1.1"
    number-precision "^1.5.0"
    screenfull "^5.1.0"
    stateshot "^1.3.3"
    vue-demi "^0.6.0"

color2k@^1.2.4:
  version "1.2.4"
  resolved "https://registry.yarnpkg.com/color2k/-/color2k-1.2.4.tgz#af34950ac58e23cf224a01cb8dd0c9911a79605e"
  integrity sha512-DiwdBwc0BryPFFXoCrW8XQGXl2rEtMToODybxZjKnN5IJXt/tV/FsN02pCK/b7KcWvJEioz3c74lQSmayFvS4Q==

dayjs@^1.10.2:
  version "1.10.4"
  resolved "https://registry.yarnpkg.com/dayjs/-/dayjs-1.10.4.tgz#8e544a9b8683f61783f570980a8a80eaf54ab1e2"
  integrity sha512-RI/Hh4kqRc1UKLOAf/T5zdMMX5DQIlDxwUe3wSyMMnEbGunnpENCdbUgM+dW7kXidZqCttBrmw7BhN4TMddkCw==

keymaster@^1.6.2:
  version "1.6.2"
  resolved "https://registry.yarnpkg.com/keymaster/-/keymaster-1.6.2.tgz#e1ae54d0ea9488f9f60b66b668f02e9a1946c6eb"
  integrity sha1-4a5U0OqUiPn2C2a2aPAumhlGxus=

lodash.clonedeep@^4.5.0:
  version "4.5.0"
  resolved "https://registry.yarnpkg.com/lodash.clonedeep/-/lodash.clonedeep-4.5.0.tgz#e23f3f9c4f8fbdde872529c1071857a086e5ccef"
  integrity sha1-4j8/nE+Pvd6HJSnBBxhXoIblzO8=

lodash.debounce@^4.0.8:
  version "4.0.8"
  resolved "https://registry.yarnpkg.com/lodash.debounce/-/lodash.debounce-4.0.8.tgz#82d79bff30a67c4005ffd5e2515300ad9ca4d7af"
  integrity sha1-gteb/zCmfEAF/9XiUVMArZyk168=

lodash.throttle@^4.1.1:
  version "4.1.1"
  resolved "https://registry.yarnpkg.com/lodash.throttle/-/lodash.throttle-4.1.1.tgz#c23e91b710242ac70c37f1e1cda9274cc39bf2f4"
  integrity sha1-wj6RtxAkKscMN/HhzaknTMOb8vQ=

number-precision@^1.5.0:
  version "1.5.0"
  resolved "https://registry.yarnpkg.com/number-precision/-/number-precision-1.5.0.tgz#eca1e3657cc7de3778987f2d22aa9dea4be238d5"
  integrity sha512-CxmQK1FFj3G3YXS4PDZSz3+IvtNESpuMwK6JY+y4IIDBbyY1ldkvk2nqBzDJj+EKFXZrrmL/fObqtSoB8b/jZQ==

screenfull@^5.1.0:
  version "5.1.0"
  resolved "https://registry.yarnpkg.com/screenfull/-/screenfull-5.1.0.tgz#85c13c70f4ead4c1b8a935c70010dfdcd2c0e5c8"
  integrity sha512-dYaNuOdzr+kc6J6CFcBrzkLCfyGcMg+gWkJ8us93IQ7y1cevhQAugFsaCdMHb6lw8KV3xPzSxzH7zM1dQap9mA==

stateshot@^1.3.3:
  version "1.3.3"
  resolved "https://registry.yarnpkg.com/stateshot/-/stateshot-1.3.3.tgz#d7cc0c69c50c24e7c20382ed22b1d3ec5bd6c717"
  integrity sha512-BW6Jzhk0RDazSQMP41LkPeS7LGMIvWhRE/oKKvZRo+Gy5cOx8YGreLEojBHMhaK71ONemzxNLhSPS1a0Tvxolg==

tslib@^2.1.0:
  version "2.1.0"
  resolved "https://registry.yarnpkg.com/tslib/-/tslib-2.1.0.tgz#da60860f1c2ecaa5703ab7d39bc05b6bf988b97a"
  integrity sha512-hcVC3wYEziELGGmEEXue7D75zbwIIVUMWAVbHItGPx0ziyXxrOMQx4rQEVEV45Ut/1IotuEvwqPopzIOkDMf0A==

vue-demi@^0.5.4:
  version "0.5.4"
  resolved "https://registry.yarnpkg.com/vue-demi/-/vue-demi-0.5.4.tgz#cedb887af819ff0126c545a5540170d8895b816d"
  integrity sha512-m/cm/Jo+USFx4JNGvhXVuAAbeB+Dejc0O8hzarph9MMuxxcMEDxf+0UBzg79g15YwYGIToX957XvzG0xSufG9A==

vue-demi@^0.6.0:
  version "0.6.2"
  resolved "https://registry.yarnpkg.com/vue-demi/-/vue-demi-0.6.2.tgz#ed9633eaa69b7409cc6e8328e8a6c3d31ab39319"
  integrity sha512-4KfwxbqsZcDz7UryD11oHa6FLK9Gzx4MIwAEcP37IbUdXuF6DHg2w9L5Zv5t+FNqsuAjEQ2NnGVIZ3u71y435Q==

vue-demi@^0.7.1:
  version "0.7.1"
  resolved "https://registry.yarnpkg.com/vue-demi/-/vue-demi-0.7.1.tgz#e7cf3e70e4c69bc192f4530c2665ce8b289f5dc4"
  integrity sha512-cJ3QnpcbIqdpeV3NnNgSDwneCJifvHct+6JNvfYn/49geK/uv5VJicZDvyg20guNhz+DZmUHBHyRQTJ32lSC2g==
