# THIS IS AN AUTOGENERATED FILE. DO NOT EDIT THIS FILE DIRECTLY.
# yarn lockfile v1


"@babel/parser@^7.15.0":
  version "7.15.8"
  resolved "https://registry.yarnpkg.com/@babel/parser/-/parser-7.15.8.tgz#7bacdcbe71bdc3ff936d510c15dcea7cf0b99016"
  integrity sha512-BRYa3wcQnjS/nqI8Ac94pYYpJfojHVvVXJ97+IDCImX4Jc8W8Xv1+47enbruk+q1etOpsQNwnfFcNGw+gtPGxA==

"@types/lodash.debounce@^4.0.6":
  version "4.0.6"
  resolved "https://registry.yarnpkg.com/@types/lodash.debounce/-/lodash.debounce-4.0.6.tgz#c5a2326cd3efc46566c47e4c0aa248dc0ee57d60"
  integrity sha512-4WTmnnhCfDvvuLMaF3KV4Qfki93KebocUF45msxhYyjMttZDQYzHkO639ohhk8+oco2cluAFL3t5+Jn4mleylQ==
  dependencies:
    "@types/lodash" "*"

"@types/lodash.throttle@^4.1.6":
  version "4.1.6"
  resolved "https://registry.yarnpkg.com/@types/lodash.throttle/-/lodash.throttle-4.1.6.tgz#f5ba2c22244ee42ff6c2c49e614401a870c1009c"
  integrity sha512-/UIH96i/sIRYGC60NoY72jGkCJtFN5KVPhEMMMTjol65effe1gPn0tycJqV5tlSwMTzX8FqzB5yAj0rfGHTPNg==
  dependencies:
    "@types/lodash" "*"

"@types/lodash@*":
  version "4.14.176"
  resolved "https://registry.yarnpkg.com/@types/lodash/-/lodash-4.14.176.tgz#641150fc1cda36fbfa329de603bbb175d7ee20c0"
  integrity sha512-xZmuPTa3rlZoIbtDUyJKZQimJV3bxCmzMIO2c9Pz9afyDro6kr7R79GwcB6mRhuoPmV2p1Vb66WOJH7F886WKQ==

"@vue/compiler-core@3.2.20":
  version "3.2.20"
  resolved "https://registry.yarnpkg.com/@vue/compiler-core/-/compiler-core-3.2.20.tgz#af5a3c5237818835b0d0be837eb5885a8d21c160"
  integrity sha512-vcEXlKXoPwBXFP5aUTHN9GTZaDfwCofa9Yu9bbW2C5O/QSa9Esdt7OG4+0RRd3EHEMxUvEdj4RZrd/KpQeiJbA==
  dependencies:
    "@babel/parser" "^7.15.0"
    "@vue/shared" "3.2.20"
    estree-walker "^2.0.2"
    source-map "^0.6.1"

"@vue/compiler-dom@3.2.20":
  version "3.2.20"
  resolved "https://registry.yarnpkg.com/@vue/compiler-dom/-/compiler-dom-3.2.20.tgz#8e0ef354449c0faf41519b00bfc2045eae01dcb5"
  integrity sha512-QnI77ec/JtV7R0YBbcVayYTDCRcI9OCbxiUQK6izVyqQO0658n0zQuoNwe+bYgtqnvGAIqTR3FShTd5y4oOjdg==
  dependencies:
    "@vue/compiler-core" "3.2.20"
    "@vue/shared" "3.2.20"

"@vue/compiler-sfc@3.2.20", "@vue/compiler-sfc@^3.2.20":
  version "3.2.20"
  resolved "https://registry.yarnpkg.com/@vue/compiler-sfc/-/compiler-sfc-3.2.20.tgz#2d7668e76f066c566dd7c09c15c9acce4e876e0a"
  integrity sha512-03aZo+6tQKiFLfunHKSPZvdK4Jsn/ftRCyaro8AQIWkuxJbvSosbKK6HTTn+D2c3nPScG155akJoxKENw7rftQ==
  dependencies:
    "@babel/parser" "^7.15.0"
    "@vue/compiler-core" "3.2.20"
    "@vue/compiler-dom" "3.2.20"
    "@vue/compiler-ssr" "3.2.20"
    "@vue/ref-transform" "3.2.20"
    "@vue/shared" "3.2.20"
    estree-walker "^2.0.2"
    magic-string "^0.25.7"
    postcss "^8.1.10"
    source-map "^0.6.1"

"@vue/compiler-ssr@3.2.20":
  version "3.2.20"
  resolved "https://registry.yarnpkg.com/@vue/compiler-ssr/-/compiler-ssr-3.2.20.tgz#9cceb6261d9932cb5568202610c1c28f86c5e521"
  integrity sha512-rzzVVYivm+EjbfiGQvNeyiYZWzr6Hkej97RZLZvcumacQlnKv9176Xo9rRyeWwFbBlxmtNdrVMslRXtipMXk2w==
  dependencies:
    "@vue/compiler-dom" "3.2.20"
    "@vue/shared" "3.2.20"

"@vue/composition-api@^1.2.4":
  version "1.2.4"
  resolved "https://registry.yarnpkg.com/@vue/composition-api/-/composition-api-1.2.4.tgz#4befcefc0e1c570fd0879a2d8b8f901f3a4e35d0"
  integrity sha512-8LVV6O4slsroBhRKxly3em5H3D5Q+ggPG75lcilh5MfLGs69LEdwm6dKhSOXtQoSyMGF4Rq30E4DcouopM8Rxg==
  dependencies:
    tslib "^2.3.0"

"@vue/reactivity@3.2.20":
  version "3.2.20"
  resolved "https://registry.yarnpkg.com/@vue/reactivity/-/reactivity-3.2.20.tgz#81fe1c368e7f20bc0ec1dec1045bbee253582de8"
  integrity sha512-nSmoLojUTk+H8HNTAkrUduB4+yIUBK2HPihJo2uXVSH4Spry6oqN6lFzE5zpLK+F27Sja+UqR9R1+/kIOsHV5w==
  dependencies:
    "@vue/shared" "3.2.20"

"@vue/ref-transform@3.2.20":
  version "3.2.20"
  resolved "https://registry.yarnpkg.com/@vue/ref-transform/-/ref-transform-3.2.20.tgz#2a59ec90caf8e5c7336776a0900bff0a8b81c090"
  integrity sha512-Y42d3PGlYZ1lXcF3dbd3+qU/C/a3wYEZ949fyOI5ptzkjDWlkfU6vn74fmOjsLjEcjs10BXK2qO99FqQIK2r1Q==
  dependencies:
    "@babel/parser" "^7.15.0"
    "@vue/compiler-core" "3.2.20"
    "@vue/shared" "3.2.20"
    estree-walker "^2.0.2"
    magic-string "^0.25.7"

"@vue/runtime-core@3.2.20":
  version "3.2.20"
  resolved "https://registry.yarnpkg.com/@vue/runtime-core/-/runtime-core-3.2.20.tgz#8f63e956a3f88fb772541443c45a7701211012cb"
  integrity sha512-d1xfUGhZPfiZzAN7SatStD4vRtT8deJSXib2+Cz3x0brjMWKxe32asQc154FF1E2fFgMCHtnfd4A90bQEzV4GQ==
  dependencies:
    "@vue/reactivity" "3.2.20"
    "@vue/shared" "3.2.20"

"@vue/runtime-dom@3.2.20":
  version "3.2.20"
  resolved "https://registry.yarnpkg.com/@vue/runtime-dom/-/runtime-dom-3.2.20.tgz#8aa56ae6c30f9cd4a71ca0e9ec3c4bdc67148d15"
  integrity sha512-4TCvZMLhESWCFHFYgqN4QmMA/onnINAlUovhopjlS8ST27G1A8Z0tyxPzLoXLa+b5JrOpbMPheEMPvdKExTJig==
  dependencies:
    "@vue/runtime-core" "3.2.20"
    "@vue/shared" "3.2.20"
    csstype "^2.6.8"

"@vue/server-renderer@3.2.20":
  version "3.2.20"
  resolved "https://registry.yarnpkg.com/@vue/server-renderer/-/server-renderer-3.2.20.tgz#705e07ae9425132b2b6227d308a51a13f4d4ec81"
  integrity sha512-viIbZGep9XabnrRcaxWIi00cOh1x21QYm2upIL5W0zqzTJ54VdTzpI+zi1osNp+VfRQDTHpV2U7H3Kn4ljYJvg==
  dependencies:
    "@vue/compiler-ssr" "3.2.20"
    "@vue/shared" "3.2.20"

"@vue/shared@3.2.20":
  version "3.2.20"
  resolved "https://registry.yarnpkg.com/@vue/shared/-/shared-3.2.20.tgz#53746961f731a8ea666e3316271e944238dc31db"
  integrity sha512-FbpX+hD5BvXCQerEYO7jtAGHlhAkhTQ4KIV73kmLWNlawWhTiVuQxizgVb0BOkX5oG9cIRZ42EG++d/k/Efp0w==

axios@^0.24.0:
  version "0.24.0"
  resolved "https://registry.yarnpkg.com/axios/-/axios-0.24.0.tgz#804e6fa1e4b9c5288501dd9dff56a7a0940d20d6"
  integrity sha512-Q6cWsys88HoPgAaFAVUb0WpPk0O8iTeisR9IMqy9G8AbO4NlpVknrnQS03zzF9PGAWgO3cgletO3VjV/P7VztA==
  dependencies:
    follow-redirects "^1.14.4"

csstype@^2.6.8:
  version "2.6.18"
  resolved "https://registry.yarnpkg.com/csstype/-/csstype-2.6.18.tgz#980a8b53085f34af313410af064f2bd241784218"
  integrity sha512-RSU6Hyeg14am3Ah4VZEmeX8H7kLwEEirXe6aU2IPfKNvhXwTflK5HQRDNI0ypQXoqmm+QPyG2IaPuQE5zMwSIQ==

estree-walker@^2.0.2:
  version "2.0.2"
  resolved "https://registry.yarnpkg.com/estree-walker/-/estree-walker-2.0.2.tgz#52f010178c2a4c117a7757cfe942adb7d2da4cac"
  integrity sha512-Rfkk/Mp/DL7JVje3u18FxFujQlTNR2q6QfMSMB7AvCBx91NGj/ba3kCfza0f6dVDbw7YlRf/nDrn7pQrCCyQ/w==

follow-redirects@^1.14.4:
  version "1.14.4"
  resolved "https://registry.yarnpkg.com/follow-redirects/-/follow-redirects-1.14.4.tgz#838fdf48a8bbdd79e52ee51fb1c94e3ed98b9379"
  integrity sha512-zwGkiSXC1MUJG/qmeIFH2HBJx9u0V46QGUe3YR1fXG8bXQxq7fLj0RjLZQ5nubr9qNJUZrH+xUcwXEoXNpfS+g==

lodash.debounce@^4.0.8:
  version "4.0.8"
  resolved "https://registry.yarnpkg.com/lodash.debounce/-/lodash.debounce-4.0.8.tgz#82d79bff30a67c4005ffd5e2515300ad9ca4d7af"
  integrity sha1-gteb/zCmfEAF/9XiUVMArZyk168=

lodash.throttle@^4.1.1:
  version "4.1.1"
  resolved "https://registry.yarnpkg.com/lodash.throttle/-/lodash.throttle-4.1.1.tgz#c23e91b710242ac70c37f1e1cda9274cc39bf2f4"
  integrity sha1-wj6RtxAkKscMN/HhzaknTMOb8vQ=

magic-string@^0.25.7:
  version "0.25.7"
  resolved "https://registry.yarnpkg.com/magic-string/-/magic-string-0.25.7.tgz#3f497d6fd34c669c6798dcb821f2ef31f5445051"
  integrity sha512-4CrMT5DOHTDk4HYDlzmwu4FVCcIYI8gauveasrdCu2IKIFOJ3f0v/8MDGJCDL9oD2ppz/Av1b0Nj345H9M+XIA==
  dependencies:
    sourcemap-codec "^1.4.4"

nanoid@^3.1.30:
  version "3.1.30"
  resolved "https://registry.yarnpkg.com/nanoid/-/nanoid-3.1.30.tgz#63f93cc548d2a113dc5dfbc63bfa09e2b9b64362"
  integrity sha512-zJpuPDwOv8D2zq2WRoMe1HsfZthVewpel9CAvTfc/2mBD1uUT/agc5f7GHGWXlYkFvi1mVxe4IjvP2HNrop7nQ==

picocolors@^1.0.0:
  version "1.0.0"
  resolved "https://registry.yarnpkg.com/picocolors/-/picocolors-1.0.0.tgz#cb5bdc74ff3f51892236eaf79d68bc44564ab81c"
  integrity sha512-1fygroTLlHu66zi26VoTDv8yRgm0Fccecssto+MhsZ0D/DGW2sm8E8AjW7NU5VVTRt5GxbeZ5qBuJr+HyLYkjQ==

postcss@^8.1.10:
  version "8.3.11"
  resolved "https://registry.yarnpkg.com/postcss/-/postcss-8.3.11.tgz#c3beca7ea811cd5e1c4a3ec6d2e7599ef1f8f858"
  integrity sha512-hCmlUAIlUiav8Xdqw3Io4LcpA1DOt7h3LSTAC4G6JGHFFaWzI6qvFt9oilvl8BmkbBRX1IhM90ZAmpk68zccQA==
  dependencies:
    nanoid "^3.1.30"
    picocolors "^1.0.0"
    source-map-js "^0.6.2"

source-map-js@^0.6.2:
  version "0.6.2"
  resolved "https://registry.yarnpkg.com/source-map-js/-/source-map-js-0.6.2.tgz#0bb5de631b41cfbda6cfba8bd05a80efdfd2385e"
  integrity sha512-/3GptzWzu0+0MBQFrDKzw/DvvMTUORvgY6k6jd/VS6iCR4RDTKWH6v6WPwQoUO8667uQEf9Oe38DxAYWY5F/Ug==

source-map@^0.6.1:
  version "0.6.1"
  resolved "https://registry.yarnpkg.com/source-map/-/source-map-0.6.1.tgz#74722af32e9614e9c287a8d0bbde48b5e2f1a263"
  integrity sha512-UjgapumWlbMhkBgzT7Ykc5YXUT46F0iKu8SGXq0bcwP5dz/h0Plj6enJqjz1Zbq2l5WaqYnrVbwWOWMyF3F47g==

sourcemap-codec@^1.4.4:
  version "1.4.8"
  resolved "https://registry.yarnpkg.com/sourcemap-codec/-/sourcemap-codec-1.4.8.tgz#ea804bd94857402e6992d05a38ef1ae35a9ab4c4"
  integrity sha512-9NykojV5Uih4lgo5So5dtw+f0JgJX30KCNI8gwhz2J9A15wD0Ml6tjHKwf6fTSa6fAdVBdZeNOs9eJ71qCk8vA==

tslib@^2.3.0:
  version "2.3.1"
  resolved "https://registry.yarnpkg.com/tslib/-/tslib-2.3.1.tgz#e8a335add5ceae51aa261d32a490158ef042ef01"
  integrity sha512-77EbyPPpMz+FRFRuAFlWMtmgUWGe9UOG2Z25NqCwiIjRhOf5iKGuzSe5P2w1laq+FkRy4p+PCuVkJSGkzTEKVw==

vue-demi@^0.11.4:
  version "0.11.4"
  resolved "https://registry.yarnpkg.com/vue-demi/-/vue-demi-0.11.4.tgz#6101992fe4724cf5634018a16e953f3052e94e2a"
  integrity sha512-/3xFwzSykLW2HiiLie43a+FFgNOcokbBJ+fzvFXd0r2T8MYohqvphUyDQ8lbAwzQ3Dlcrb1c9ykifGkhSIAk6A==

"vue2@npm:vue@2":
  version "2.6.14"
  resolved "https://registry.yarnpkg.com/vue/-/vue-2.6.14.tgz#e51aa5250250d569a3fbad3a8a5a687d6036e235"
  integrity sha512-x2284lgYvjOMj3Za7kqzRcUSxBboHqtgRE2zlos1qWaOye5yUmHn42LB1250NJBLRwEcdrB0JRwyPTEPhfQjiQ==

vue@^3.2.20:
  version "3.2.20"
  resolved "https://registry.yarnpkg.com/vue/-/vue-3.2.20.tgz#940f8aa8bf3e3be78243ca582bad41fcd45ae3e6"
  integrity sha512-81JjEP4OGk9oO8+CU0h2nFPGgJBm9mNa3kdCX2k6FuRdrWrC+CNe+tOnuIeTg8EWwQuI+wwdra5Q7vSzp7p4Iw==
  dependencies:
    "@vue/compiler-dom" "3.2.20"
    "@vue/compiler-sfc" "3.2.20"
    "@vue/runtime-dom" "3.2.20"
    "@vue/server-renderer" "3.2.20"
    "@vue/shared" "3.2.20"
